
Microsoft Visual Studio Solution File, Format Version 12.00
# Visual Studio Version 16
VisualStudioVersion = 16.6.30114.105
MinimumVisualStudioVersion = 10.0.40219.1
Project("{2150E333-8FDC-42A3-9474-1A3956D46DE8}") = "src", "src", "{7FDBE6E0-8500-4B46-989B-9ECEA66FC9C0}"
EndProject
Project("{FAE04EC0-301F-11D3-BF4B-00C04F79EFBC}") = "contentapi", "src\contentapi\contentapi.csproj", "{9654F150-C63C-40D9-A235-FC373FA1073F}"
EndProject
Project("{2150E333-8FDC-42A3-9474-1A3956D46DE8}") = "tests", "tests", "{827AF8CA-28BD-44BA-B760-9BA84BC58BE2}"
EndProject
Project("{FAE04EC0-301F-11D3-BF4B-00C04F79EFBC}") = "contentapi.tests", "tests\contentapi.tests\contentapi.tests.csproj", "{9D183B99-1D5E-42D3-948C-50F66A076C04}"
EndProject
Project("{FAE04EC0-301F-11D3-BF4B-00C04F79EFBC}") = "marketswebapp", "src\marketswebapp\marketswebapp.csproj", "{DE3F9F84-D1F1-4F6D-BB0D-9C2B4146DF5B}"
EndProject
Project("{FAE04EC0-301F-11D3-BF4B-00C04F79EFBC}") = "marketswebapp.tests", "tests\marketswebapp.tests\marketswebapp.tests.csproj", "{D0CBF887-26D9-419B-84E9-2CBE60AC163D}"
EndProject
Global
	GlobalSection(SolutionConfigurationPlatforms) = preSolution
		Debug|Any CPU = Debug|Any CPU
		Debug|x64 = Debug|x64
		Debug|x86 = Debug|x86
		Release|Any CPU = Release|Any CPU
		Release|x64 = Release|x64
		Release|x86 = Release|x86
	EndGlobalSection
	GlobalSection(SolutionProperties) = preSolution
		HideSolutionNode = FALSE
	EndGlobalSection
	GlobalSection(ProjectConfigurationPlatforms) = postSolution
		{9654F150-C63C-40D9-A235-FC373FA1073F}.Debug|Any CPU.ActiveCfg = Debug|Any CPU
		{9654F150-C63C-40D9-A235-FC373FA1073F}.Debug|Any CPU.Build.0 = Debug|Any CPU
		{9654F150-C63C-40D9-A235-FC373FA1073F}.Debug|x64.ActiveCfg = Debug|Any CPU
		{9654F150-C63C-40D9-A235-FC373FA1073F}.Debug|x64.Build.0 = Debug|Any CPU
		{9654F150-C63C-40D9-A235-FC373FA1073F}.Debug|x86.ActiveCfg = Debug|Any CPU
		{9654F150-C63C-40D9-A235-FC373FA1073F}.Debug|x86.Build.0 = Debug|Any CPU
		{9654F150-C63C-40D9-A235-FC373FA1073F}.Release|Any CPU.ActiveCfg = Release|Any CPU
		{9654F150-C63C-40D9-A235-FC373FA1073F}.Release|Any CPU.Build.0 = Release|Any CPU
		{9654F150-C63C-40D9-A235-FC373FA1073F}.Release|x64.ActiveCfg = Release|Any CPU
		{9654F150-C63C-40D9-A235-FC373FA1073F}.Release|x64.Build.0 = Release|Any CPU
		{9654F150-C63C-40D9-A235-FC373FA1073F}.Release|x86.ActiveCfg = Release|Any CPU
		{9654F150-C63C-40D9-A235-FC373FA1073F}.Release|x86.Build.0 = Release|Any CPU
		{9D183B99-1D5E-42D3-948C-50F66A076C04}.Debug|Any CPU.ActiveCfg = Debug|Any CPU
		{9D183B99-1D5E-42D3-948C-50F66A076C04}.Debug|Any CPU.Build.0 = Debug|Any CPU
		{9D183B99-1D5E-42D3-948C-50F66A076C04}.Debug|x64.ActiveCfg = Debug|Any CPU
		{9D183B99-1D5E-42D3-948C-50F66A076C04}.Debug|x64.Build.0 = Debug|Any CPU
		{9D183B99-1D5E-42D3-948C-50F66A076C04}.Debug|x86.ActiveCfg = Debug|Any CPU
		{9D183B99-1D5E-42D3-948C-50F66A076C04}.Debug|x86.Build.0 = Debug|Any CPU
		{9D183B99-1D5E-42D3-948C-50F66A076C04}.Release|Any CPU.ActiveCfg = Release|Any CPU
		{9D183B99-1D5E-42D3-948C-50F66A076C04}.Release|Any CPU.Build.0 = Release|Any CPU
		{9D183B99-1D5E-42D3-948C-50F66A076C04}.Release|x64.ActiveCfg = Release|Any CPU
		{9D183B99-1D5E-42D3-948C-50F66A076C04}.Release|x64.Build.0 = Release|Any CPU
		{9D183B99-1D5E-42D3-948C-50F66A076C04}.Release|x86.ActiveCfg = Release|Any CPU
		{9D183B99-1D5E-42D3-948C-50F66A076C04}.Release|x86.Build.0 = Release|Any CPU
		{DE3F9F84-D1F1-4F6D-BB0D-9C2B4146DF5B}.Debug|Any CPU.ActiveCfg = Debug|Any CPU
		{DE3F9F84-D1F1-4F6D-BB0D-9C2B4146DF5B}.Debug|Any CPU.Build.0 = Debug|Any CPU
		{DE3F9F84-D1F1-4F6D-BB0D-9C2B4146DF5B}.Debug|x64.ActiveCfg = Debug|Any CPU
		{DE3F9F84-D1F1-4F6D-BB0D-9C2B4146DF5B}.Debug|x64.Build.0 = Debug|Any CPU
		{DE3F9F84-D1F1-4F6D-BB0D-9C2B4146DF5B}.Debug|x86.ActiveCfg = Debug|Any CPU
		{DE3F9F84-D1F1-4F6D-BB0D-9C2B4146DF5B}.Debug|x86.Build.0 = Debug|Any CPU
		{DE3F9F84-D1F1-4F6D-BB0D-9C2B4146DF5B}.Release|Any CPU.ActiveCfg = Release|Any CPU
		{DE3F9F84-D1F1-4F6D-BB0D-9C2B4146DF5B}.Release|Any CPU.Build.0 = Release|Any CPU
		{DE3F9F84-D1F1-4F6D-BB0D-9C2B4146DF5B}.Release|x64.ActiveCfg = Release|Any CPU
		{DE3F9F84-D1F1-4F6D-BB0D-9C2B4146DF5B}.Release|x64.Build.0 = Release|Any CPU
		{DE3F9F84-D1F1-4F6D-BB0D-9C2B4146DF5B}.Release|x86.ActiveCfg = Release|Any CPU
		{DE3F9F84-D1F1-4F6D-BB0D-9C2B4146DF5B}.Release|x86.Build.0 = Release|Any CPU
		{D0CBF887-26D9-419B-84E9-2CBE60AC163D}.Debug|Any CPU.ActiveCfg = Debug|Any CPU
		{D0CBF887-26D9-419B-84E9-2CBE60AC163D}.Debug|Any CPU.Build.0 = Debug|Any CPU
		{D0CBF887-26D9-419B-84E9-2CBE60AC163D}.Debug|x64.ActiveCfg = Debug|Any CPU
		{D0CBF887-26D9-419B-84E9-2CBE60AC163D}.Debug|x64.Build.0 = Debug|Any CPU
		{D0CBF887-26D9-419B-84E9-2CBE60AC163D}.Debug|x86.ActiveCfg = Debug|Any CPU
		{D0CBF887-26D9-419B-84E9-2CBE60AC163D}.Debug|x86.Build.0 = Debug|Any CPU
		{D0CBF887-26D9-419B-84E9-2CBE60AC163D}.Release|Any CPU.ActiveCfg = Release|Any CPU
		{D0CBF887-26D9-419B-84E9-2CBE60AC163D}.Release|Any CPU.Build.0 = Release|Any CPU
		{D0CBF887-26D9-419B-84E9-2CBE60AC163D}.Release|x64.ActiveCfg = Release|Any CPU
		{D0CBF887-26D9-419B-84E9-2CBE60AC163D}.Release|x64.Build.0 = Release|Any CPU
		{D0CBF887-26D9-419B-84E9-2CBE60AC163D}.Release|x86.ActiveCfg = Release|Any CPU
		{D0CBF887-26D9-419B-84E9-2CBE60AC163D}.Release|x86.Build.0 = Release|Any CPU
	EndGlobalSection
	GlobalSection(NestedProjects) = preSolution
		{9654F150-C63C-40D9-A235-FC373FA1073F} = {7FDBE6E0-8500-4B46-989B-9ECEA66FC9C0}
		{9D183B99-1D5E-42D3-948C-50F66A076C04} = {827AF8CA-28BD-44BA-B760-9BA84BC58BE2}
		{DE3F9F84-D1F1-4F6D-BB0D-9C2B4146DF5B} = {7FDBE6E0-8500-4B46-989B-9ECEA66FC9C0}
		{D0CBF887-26D9-419B-84E9-2CBE60AC163D} = {827AF8CA-28BD-44BA-B760-9BA84BC58BE2}
	EndGlobalSection
EndGlobal
